
Microsoft Visual Studio Solution File, Format Version 12.00
# Visual Studio Version 16
VisualStudioVersion = 16.0.30611.23
MinimumVisualStudioVersion = 10.0.40219.1
Project("{A07B5EB6-E848-4116-A8D0-A826331D98C6}") = "ServiceFabricBasicDemo", "ServiceFabricBasicDemo\ServiceFabricBasicDemo.sfproj", "{BA235AE0-F283-4E00-A493-F7EFABAFC096}"
EndProject
Project("{FAE04EC0-301F-11D3-BF4B-00C04F79EFBC}") = "Stateful1", "Stateful1\Stateful1.csproj", "{EE95138D-CF92-445D-B134-3F91B13646EC}"
EndProject
Global
	GlobalSection(SolutionConfigurationPlatforms) = preSolution
		Debug|Any CPU = Debug|Any CPU
		Debug|x64 = Debug|x64
		Release|Any CPU = Release|Any CPU
		Release|x64 = Release|x64
	EndGlobalSection
	GlobalSection(ProjectConfigurationPlatforms) = postSolution
		{BA235AE0-F283-4E00-A493-F7EFABAFC096}.Debug|Any CPU.ActiveCfg = Debug|x64
		{BA235AE0-F283-4E00-A493-F7EFABAFC096}.Debug|x64.ActiveCfg = Debug|x64
		{BA235AE0-F283-4E00-A493-F7EFABAFC096}.Debug|x64.Build.0 = Debug|x64
		{BA235AE0-F283-4E00-A493-F7EFABAFC096}.Debug|x64.Deploy.0 = Debug|x64
		{BA235AE0-F283-4E00-A493-F7EFABAFC096}.Release|Any CPU.ActiveCfg = Release|x64
		{BA235AE0-F283-4E00-A493-F7EFABAFC096}.Release|x64.ActiveCfg = Release|x64
		{BA235AE0-F283-4E00-A493-F7EFABAFC096}.Release|x64.Build.0 = Release|x64
		{BA235AE0-F283-4E00-A493-F7EFABAFC096}.Release|x64.Deploy.0 = Release|x64
		{EE95138D-CF92-445D-B134-3F91B13646EC}.Debug|Any CPU.ActiveCfg = Debug|Any CPU
		{EE95138D-CF92-445D-B134-3F91B13646EC}.Debug|Any CPU.Build.0 = Debug|Any CPU
		{EE95138D-CF92-445D-B134-3F91B13646EC}.Debug|x64.ActiveCfg = Debug|Any CPU
		{EE95138D-CF92-445D-B134-3F91B13646EC}.Debug|x64.Build.0 = Debug|Any CPU
		{EE95138D-CF92-445D-B134-3F91B13646EC}.Release|Any CPU.ActiveCfg = Release|Any CPU
		{EE95138D-CF92-445D-B134-3F91B13646EC}.Release|Any CPU.Build.0 = Release|Any CPU
		{EE95138D-CF92-445D-B134-3F91B13646EC}.Release|x64.ActiveCfg = Release|Any CPU
		{EE95138D-CF92-445D-B134-3F91B13646EC}.Release|x64.Build.0 = Release|Any CPU
	EndGlobalSection
	GlobalSection(SolutionProperties) = preSolution
		HideSolutionNode = FALSE
	EndGlobalSection
	GlobalSection(ExtensibilityGlobals) = postSolution
		SolutionGuid = {3EC7A74A-C1B5-45B4-B9D1-3998DDF03EE7}
	EndGlobalSection
EndGlobal
